
Microsoft Visual Studio Solution File, Format Version 12.00
# Visual Studio Version 17
VisualStudioVersion = 17.5.33424.131
MinimumVisualStudioVersion = 10.0.40219.1
Project("{FAE04EC0-301F-11D3-BF4B-00C04F79EFBC}") = "PROVA 2bim", "PROVA 2bim\PROVA 2bim.csproj", "{AEDAF1C9-D9FE-4B23-BB79-5DF4949D8AF7}"
EndProject
Global
	GlobalSection(SolutionConfigurationPlatforms) = preSolution
		Debug|Any CPU = Debug|Any CPU
		Release|Any CPU = Release|Any CPU
	EndGlobalSection
	GlobalSection(ProjectConfigurationPlatforms) = postSolution
		{AEDAF1C9-D9FE-4B23-BB79-5DF4949D8AF7}.Debug|Any CPU.ActiveCfg = Debug|Any CPU
		{AEDAF1C9-D9FE-4B23-BB79-5DF4949D8AF7}.Debug|Any CPU.Build.0 = Debug|Any CPU
		{AEDAF1C9-D9FE-4B23-BB79-5DF4949D8AF7}.Release|Any CPU.ActiveCfg = Release|Any CPU
		{AEDAF1C9-D9FE-4B23-BB79-5DF4949D8AF7}.Release|Any CPU.Build.0 = Release|Any CPU
	EndGlobalSection
	GlobalSection(SolutionProperties) = preSolution
		HideSolutionNode = FALSE
	EndGlobalSection
	GlobalSection(ExtensibilityGlobals) = postSolution
		SolutionGuid = {6A7EA159-D379-4489-A2D4-917158432F75}
	EndGlobalSection
EndGlobal
